// !$*UTF8*$!
{
	archiveVersion = 1;
	classes = {
	};
	objectVersion = 50;
	objects = {

/* Begin PBXBuildFile section */
		B4D1F98820B4D23500AAD964 /* AppDelegate.swift in Sources */ = {isa = PBXBuildFile; fileRef = B4D1F98720B4D23500AAD964 /* AppDelegate.swift */; };
		B4D1F98A20B4D23500AAD964 /* ViewController.swift in Sources */ = {isa = PBXBuildFile; fileRef = B4D1F98920B4D23500AAD964 /* ViewController.swift */; };
		B4D1F98D20B4D23500AAD964 /* Main.storyboard in Resources */ = {isa = PBXBuildFile; fileRef = B4D1F98B20B4D23500AAD964 /* Main.storyboard */; };
		B4D1F98F20B4D23900AAD964 /* Assets.xcassets in Resources */ = {isa = PBXBuildFile; fileRef = B4D1F98E20B4D23900AAD964 /* Assets.xcassets */; };
		B4D1F99220B4D23900AAD964 /* LaunchScreen.storyboard in Resources */ = {isa = PBXBuildFile; fileRef = B4D1F99020B4D23900AAD964 /* LaunchScreen.storyboard */; };
		B4D1F9A120B4D9A700AAD964 /* note1.wav in Resources */ = {isa = PBXBuildFile; fileRef = B4D1F99A20B4D9A700AAD964 /* note1.wav */; };
		B4D1F9A220B4D9A700AAD964 /* note6.wav in Resources */ = {isa = PBXBuildFile; fileRef = B4D1F99B20B4D9A700AAD964 /* note6.wav */; };
		B4D1F9A320B4D9A700AAD964 /* note2.wav in Resources */ = {isa = PBXBuildFile; fileRef = B4D1F99C20B4D9A700AAD964 /* note2.wav */; };
		B4D1F9A420B4D9A700AAD964 /* note5.wav in Resources */ = {isa = PBXBuildFile; fileRef = B4D1F99D20B4D9A700AAD964 /* note5.wav */; };
		B4D1F9A520B4D9A700AAD964 /* note3.wav in Resources */ = {isa = PBXBuildFile; fileRef = B4D1F99E20B4D9A700AAD964 /* note3.wav */; };
		B4D1F9A620B4D9A700AAD964 /* note7.wav in Resources */ = {isa = PBXBuildFile; fileRef = B4D1F99F20B4D9A700AAD964 /* note7.wav */; };
		B4D1F9A720B4D9A700AAD964 /* note4.wav in Resources */ = {isa = PBXBuildFile; fileRef = B4D1F9A020B4D9A700AAD964 /* note4.wav */; };
/* End PBXBuildFile section */

/* Begin PBXFileReference section */
		B4D1F98420B4D23500AAD964 /* Xylo Music.app */ = {isa = PBXFileReference; explicitFileType = wrapper.application; includeInIndex = 0; path = "Xylo Music.app"; sourceTree = BUILT_PRODUCTS_DIR; };
		B4D1F98720B4D23500AAD964 /* AppDelegate.swift */ = {isa = PBXFileReference; lastKnownFileType = sourcecode.swift; path = AppDelegate.swift; sourceTree = "<group>"; };
		B4D1F98920B4D23500AAD964 /* ViewController.swift */ = {isa = PBXFileReference; lastKnownFileType = sourcecode.swift; path = ViewController.swift; sourceTree = "<group>"; };
		B4D1F98C20B4D23500AAD964 /* Base */ = {isa = PBXFileReference; lastKnownFileType = file.storyboard; name = Base; path = Base.lproj/Main.storyboard; sourceTree = "<group>"; };
		B4D1F98E20B4D23900AAD964 /* Assets.xcassets */ = {isa = PBXFileReference; lastKnownFileType = folder.assetcatalog; path = Assets.xcassets; sourceTree = "<group>"; };
		B4D1F99120B4D23900AAD964 /* Base */ = {isa = PBXFileReference; lastKnownFileType = file.storyboard; name = Base; path = Base.lproj/LaunchScreen.storyboard; sourceTree = "<group>"; };
		B4D1F99320B4D23900AAD964 /* Info.plist */ = {isa = PBXFileReference; lastKnownFileType = text.plist.xml; path = Info.plist; sourceTree = "<group>"; };
		B4D1F99A20B4D9A700AAD964 /* note1.wav */ = {isa = PBXFileReference; lastKnownFileType = audio.wav; path = note1.wav; sourceTree = "<group>"; };
		B4D1F99B20B4D9A700AAD964 /* note6.wav */ = {isa = PBXFileReference; lastKnownFileType = audio.wav; path = note6.wav; sourceTree = "<group>"; };
		B4D1F99C20B4D9A700AAD964 /* note2.wav */ = {isa = PBXFileReference; lastKnownFileType = audio.wav; path = note2.wav; sourceTree = "<group>"; };
		B4D1F99D20B4D9A700AAD964 /* note5.wav */ = {isa = PBXFileReference; lastKnownFileType = audio.wav; path = note5.wav; sourceTree = "<group>"; };
		B4D1F99E20B4D9A700AAD964 /* note3.wav */ = {isa = PBXFileReference; lastKnownFileType = audio.wav; path = note3.wav; sourceTree = "<group>"; };
		B4D1F99F20B4D9A700AAD964 /* note7.wav */ = {isa = PBXFileReference; lastKnownFileType = audio.wav; path = note7.wav; sourceTree = "<group>"; };
		B4D1F9A020B4D9A700AAD964 /* note4.wav */ = {isa = PBXFileReference; lastKnownFileType = audio.wav; path = note4.wav; sourceTree = "<group>"; };
/* End PBXFileReference section */

/* Begin PBXFrameworksBuildPhase section */
		B4D1F98120B4D23500AAD964 /* Frameworks */ = {
			isa = PBXFrameworksBuildPhase;
			buildActionMask = 2147483647;
			files = (
			);
			runOnlyForDeploymentPostprocessing = 0;
		};
/* End PBXFrameworksBuildPhase section */

/* Begin PBXGroup section */
		B4D1F97B20B4D23500AAD964 = {
			isa = PBXGroup;
			children = (
				B4D1F99A20B4D9A700AAD964 /* note1.wav */,
				B4D1F99C20B4D9A700AAD964 /* note2.wav */,
				B4D1F99E20B4D9A700AAD964 /* note3.wav */,
				B4D1F9A020B4D9A700AAD964 /* note4.wav */,
				B4D1F99D20B4D9A700AAD964 /* note5.wav */,
				B4D1F99B20B4D9A700AAD964 /* note6.wav */,
				B4D1F99F20B4D9A700AAD964 /* note7.wav */,
				B4D1F98620B4D23500AAD964 /* Xylo Music */,
				B4D1F98520B4D23500AAD964 /* Products */,
			);
			sourceTree = "<group>";
		};
		B4D1F98520B4D23500AAD964 /* Products */ = {
			isa = PBXGroup;
			children = (
				B4D1F98420B4D23500AAD964 /* Xylo Music.app */,
			);
			name = Products;
			sourceTree = "<group>";
		};
		B4D1F98620B4D23500AAD964 /* Xylo Music */ = {
			isa = PBXGroup;
			children = (
				B4D1F98720B4D23500AAD964 /* AppDelegate.swift */,
				B4D1F98920B4D23500AAD964 /* ViewController.swift */,
				B4D1F98B20B4D23500AAD964 /* Main.storyboard */,
				B4D1F98E20B4D23900AAD964 /* Assets.xcassets */,
				B4D1F99020B4D23900AAD964 /* LaunchScreen.storyboard */,
				B4D1F99320B4D23900AAD964 /* Info.plist */,
			);
			path = "Xylo Music";
			sourceTree = "<group>";
		};
/* End PBXGroup section */

/* Begin PBXNativeTarget section */
		B4D1F98320B4D23500AAD964 /* Xylo Music */ = {
			isa = PBXNativeTarget;
			buildConfigurationList = B4D1F99620B4D23900AAD964 /* Build configuration list for PBXNativeTarget "Xylo Music" */;
			buildPhases = (
				B4D1F98020B4D23500AAD964 /* Sources */,
				B4D1F98120B4D23500AAD964 /* Frameworks */,
				B4D1F98220B4D23500AAD964 /* Resources */,
			);
			buildRules = (
			);
			dependencies = (
			);
			name = "Xylo Music";
			productName = "Xylo Music";
			productReference = B4D1F98420B4D23500AAD964 /* Xylo Music.app */;
			productType = "com.apple.product-type.application";
		};
/* End PBXNativeTarget section */

/* Begin PBXProject section */
		B4D1F97C20B4D23500AAD964 /* Project object */ = {
			isa = PBXProject;
			attributes = {
				LastSwiftUpdateCheck = 0930;
				LastUpgradeCheck = 0930;
				ORGANIZATIONNAME = "Deipayan Dash";
				TargetAttributes = {
					B4D1F98320B4D23500AAD964 = {
						CreatedOnToolsVersion = 9.3.1;
					};
				};
			};
			buildConfigurationList = B4D1F97F20B4D23500AAD964 /* Build configuration list for PBXProject "Xylo Music" */;
			compatibilityVersion = "Xcode 9.3";
			developmentRegion = en;
			hasScannedForEncodings = 0;
			knownRegions = (
				en,
				Base,
			);
			mainGroup = B4D1F97B20B4D23500AAD964;
			productRefGroup = B4D1F98520B4D23500AAD964 /* Products */;
			projectDirPath = "";
			projectRoot = "";
			targets = (
				B4D1F98320B4D23500AAD964 /* Xylo Music */,
			);
		};
/* End PBXProject section */

/* Begin PBXResourcesBuildPhase section */
		B4D1F98220B4D23500AAD964 /* Resources */ = {
			isa = PBXResourcesBuildPhase;
			buildActionMask = 2147483647;
			files = (
				B4D1F9A620B4D9A700AAD964 /* note7.wav in Resources */,
				B4D1F9A120B4D9A700AAD964 /* note1.wav in Resources */,
				B4D1F99220B4D23900AAD964 /* LaunchScreen.storyboard in Resources */,
				B4D1F98F20B4D23900AAD964 /* Assets.xcassets in Resources */,
				B4D1F9A320B4D9A700AAD964 /* note2.wav in Resources */,
				B4D1F9A220B4D9A700AAD964 /* note6.wav in Resources */,
				B4D1F98D20B4D23500AAD964 /* Main.storyboard in Resources */,
				B4D1F9A720B4D9A700AAD964 /* note4.wav in Resources */,
				B4D1F9A520B4D9A700AAD964 /* note3.wav in Resources */,
				B4D1F9A420B4D9A700AAD964 /* note5.wav in Resources */,
			);
			runOnlyForDeploymentPostprocessing = 0;
		};
/* End PBXResourcesBuildPhase section */

/* Begin PBXSourcesBuildPhase section */
		B4D1F98020B4D23500AAD964 /* Sources */ = {
			isa = PBXSourcesBuildPhase;
			buildActionMask = 2147483647;
			files = (
				B4D1F98A20B4D23500AAD964 /* ViewController.swift in Sources */,
				B4D1F98820B4D23500AAD964 /* AppDelegate.swift in Sources */,
			);
			runOnlyForDeploymentPostprocessing = 0;
		};
/* End PBXSourcesBuildPhase section */

/* Begin PBXVariantGroup section */
		B4D1F98B20B4D23500AAD964 /* Main.storyboard */ = {
			isa = PBXVariantGroup;
			children = (
				B4D1F98C20B4D23500AAD964 /* Base */,
			);
			name = Main.storyboard;
			sourceTree = "<group>";
		};
		B4D1F99020B4D23900AAD964 /* LaunchScreen.storyboard */ = {
			isa = PBXVariantGroup;
			children = (
				B4D1F99120B4D23900AAD964 /* Base */,
			);
			name = LaunchScreen.storyboard;
			sourceTree = "<group>";
		};
/* End PBXVariantGroup section */

/* Begin XCBuildConfiguration section */
		B4D1F99420B4D23900AAD964 /* Debug */ = {
			isa = XCBuildConfiguration;
			buildSettings = {
				ALWAYS_SEARCH_USER_PATHS = NO;
				CLANG_ANALYZER_NONNULL = YES;
				CLANG_ANALYZER_NUMBER_OBJECT_CONVERSION = YES_AGGRESSIVE;
				CLANG_CXX_LANGUAGE_STANDARD = "gnu++14";
				CLANG_CXX_LIBRARY = "libc++";
				CLANG_ENABLE_MODULES = YES;
				CLANG_ENABLE_OBJC_ARC = YES;
				CLANG_ENABLE_OBJC_WEAK = YES;
				CLANG_WARN_BLOCK_CAPTURE_AUTORELEASING = YES;
				CLANG_WARN_BOOL_CONVERSION = YES;
				CLANG_WARN_COMMA = YES;
				CLANG_WARN_CONSTANT_CONVERSION = YES;
				CLANG_WARN_DEPRECATED_OBJC_IMPLEMENTATIONS = YES;
				CLANG_WARN_DIRECT_OBJC_ISA_USAGE = YES_ERROR;
				CLANG_WARN_DOCUMENTATION_COMMENTS = YES;
				CLANG_WARN_EMPTY_BODY = YES;
				CLANG_WARN_ENUM_CONVERSION = YES;
				CLANG_WARN_INFINITE_RECURSION = YES;
				CLANG_WARN_INT_CONVERSION = YES;
				CLANG_WARN_NON_LITERAL_NULL_CONVERSION = YES;
				CLANG_WARN_OBJC_IMPLICIT_RETAIN_SELF = YES;
				CLANG_WARN_OBJC_LITERAL_CONVERSION = YES;
				CLANG_WARN_OBJC_ROOT_CLASS = YES_ERROR;
				CLANG_WARN_RANGE_LOOP_ANALYSIS = YES;
				CLANG_WARN_STRICT_PROTOTYPES = YES;
				CLANG_WARN_SUSPICIOUS_MOVE = YES;
				CLANG_WARN_UNGUARDED_AVAILABILITY = YES_AGGRESSIVE;
				CLANG_WARN_UNREACHABLE_CODE = YES;
				CLANG_WARN__DUPLICATE_METHOD_MATCH = YES;
				CODE_SIGN_IDENTITY = "iPhone Developer";
				COPY_PHASE_STRIP = NO;
				DEBUG_INFORMATION_FORMAT = dwarf;
				ENABLE_STRICT_OBJC_MSGSEND = YES;
				ENABLE_TESTABILITY = YES;
				GCC_C_LANGUAGE_STANDARD = gnu11;
				GCC_DYNAMIC_NO_PIC = NO;
				GCC_NO_COMMON_BLOCKS = YES;
				GCC_OPTIMIZATION_LEVEL = 0;
				GCC_PREPROCESSOR_DEFINITIONS = (
					"DEBUG=1",
					"$(inherited)",
				);
				GCC_WARN_64_TO_32_BIT_CONVERSION = YES;
				GCC_WARN_ABOUT_RETURN_TYPE = YES_ERROR;
				GCC_WARN_UNDECLARED_SELECTOR = YES;
				GCC_WARN_UNINITIALIZED_AUTOS = YES_AGGRESSIVE;
				GCC_WARN_UNUSED_FUNCTION = YES;
				GCC_WARN_UNUSED_VARIABLE = YES;
				IPHONEOS_DEPLOYMENT_TARGET = 11.3;
				MTL_ENABLE_DEBUG_INFO = YES;
				ONLY_ACTIVE_ARCH = YES;
				SDKROOT = iphoneos;
				SWIFT_ACTIVE_COMPILATION_CONDITIONS = DEBUG;
				SWIFT_OPTIMIZATION_LEVEL = "-Onone";
			};
			name = Debug;
		};
		B4D1F99520B4D23900AAD964 /* Release */ = {
			isa = XCBuildConfiguration;
			buildSettings = {
				ALWAYS_SEARCH_USER_PATHS = NO;
				CLANG_ANALYZER_NONNULL = YES;
				CLANG_ANALYZER_NUMBER_OBJECT_CONVERSION = YES_AGGRESSIVE;
				CLANG_CXX_LANGUAGE_STANDARD = "gnu++14";
				CLANG_CXX_LIBRARY = "libc++";
				CLANG_ENABLE_MODULES = YES;
				CLANG_ENABLE_OBJC_ARC = YES;
				CLANG_ENABLE_OBJC_WEAK = YES;
				CLANG_WARN_BLOCK_CAPTURE_AUTORELEASING = YES;
				CLANG_WARN_BOOL_CONVERSION = YES;
				CLANG_WARN_COMMA = YES;
				CLANG_WARN_CONSTANT_CONVERSION = YES;
				CLANG_WARN_DEPRECATED_OBJC_IMPLEMENTATIONS = YES;
				CLANG_WARN_DIRECT_OBJC_ISA_USAGE = YES_ERROR;
				CLANG_WARN_DOCUMENTATION_COMMENTS = YES;
				CLANG_WARN_EMPTY_BODY = YES;
				CLANG_WARN_ENUM_CONVERSION = YES;
				CLANG_WARN_INFINITE_RECURSION = YES;
				CLANG_WARN_INT_CONVERSION = YES;
				CLANG_WARN_NON_LITERAL_NULL_CONVERSION = YES;
				CLANG_WARN_OBJC_IMPLICIT_RETAIN_SELF = YES;
				CLANG_WARN_OBJC_LITERAL_CONVERSION = YES;
				CLANG_WARN_OBJC_ROOT_CLASS = YES_ERROR;
				CLANG_WARN_RANGE_LOOP_ANALYSIS = YES;
				CLANG_WARN_STRICT_PROTOTYPES = YES;
				CLANG_WARN_SUSPICIOUS_MOVE = YES;
				CLANG_WARN_UNGUARDED_AVAILABILITY = YES_AGGRESSIVE;
				CLANG_WARN_UNREACHABLE_CODE = YES;
				CLANG_WARN__DUPLICATE_METHOD_MATCH = YES;
				CODE_SIGN_IDENTITY = "iPhone Developer";
				COPY_PHASE_STRIP = NO;
				DEBUG_INFORMATION_FORMAT = "dwarf-with-dsym";
				ENABLE_NS_ASSERTIONS = NO;
				ENABLE_STRICT_OBJC_MSGSEND = YES;
				GCC_C_LANGUAGE_STANDARD = gnu11;
				GCC_NO_COMMON_BLOCKS = YES;
				GCC_WARN_64_TO_32_BIT_CONVERSION = YES;
				GCC_WARN_ABOUT_RETURN_TYPE = YES_ERROR;
				GCC_WARN_UNDECLARED_SELECTOR = YES;
				GCC_WARN_UNINITIALIZED_AUTOS = YES_AGGRESSIVE;
				GCC_WARN_UNUSED_FUNCTION = YES;
				GCC_WARN_UNUSED_VARIABLE = YES;
				IPHONEOS_DEPLOYMENT_TARGET = 11.3;
				MTL_ENABLE_DEBUG_INFO = NO;
				SDKROOT = iphoneos;
				SWIFT_COMPILATION_MODE = wholemodule;
				SWIFT_OPTIMIZATION_LEVEL = "-O";
				VALIDATE_PRODUCT = YES;
			};
			name = Release;
		};
		B4D1F99720B4D23900AAD964 /* Debug */ = {
			isa = XCBuildConfiguration;
			buildSettings = {
				ASSETCATALOG_COMPILER_APPICON_NAME = AppIcon;
				CODE_SIGN_STYLE = Automatic;
				DEVELOPMENT_TEAM = VC66G9BMP2;
				INFOPLIST_FILE = "Xylo Music/Info.plist";
				IPHONEOS_DEPLOYMENT_TARGET = 10.1;
				LD_RUNPATH_SEARCH_PATHS = (
					"$(inherited)",
					"@executable_path/Frameworks",
				);
				PRODUCT_BUNDLE_IDENTIFIER = "com.dash-deipayan.Xylo-Music";
				PRODUCT_NAME = "$(TARGET_NAME)";
				SWIFT_VERSION = 4.0;
				TARGETED_DEVICE_FAMILY = 1;
			};
			name = Debug;
		};
		B4D1F99820B4D23900AAD964 /* Release */ = {
			isa = XCBuildConfiguration;
			buildSettings = {
				ASSETCATALOG_COMPILER_APPICON_NAME = AppIcon;
				CODE_SIGN_STYLE = Automatic;
				DEVELOPMENT_TEAM = VC66G9BMP2;
				INFOPLIST_FILE = "Xylo Music/Info.plist";
				IPHONEOS_DEPLOYMENT_TARGET = 10.1;
				LD_RUNPATH_SEARCH_PATHS = (
					"$(inherited)",
					"@executable_path/Frameworks",
				);
				PRODUCT_BUNDLE_IDENTIFIER = "com.dash-deipayan.Xylo-Music";
				PRODUCT_NAME = "$(TARGET_NAME)";
				SWIFT_VERSION = 4.0;
				TARGETED_DEVICE_FAMILY = 1;
			};
			name = Release;
		};
/* End XCBuildConfiguration section */

/* Begin XCConfigurationList section */
		B4D1F97F20B4D23500AAD964 /* Build configuration list for PBXProject "Xylo Music" */ = {
			isa = XCConfigurationList;
			buildConfigurations = (
				B4D1F99420B4D23900AAD964 /* Debug */,
				B4D1F99520B4D23900AAD964 /* Release */,
			);
			defaultConfigurationIsVisible = 0;
			defaultConfigurationName = Release;
		};
		B4D1F99620B4D23900AAD964 /* Build configuration list for PBXNativeTarget "Xylo Music" */ = {
			isa = XCConfigurationList;
			buildConfigurations = (
				B4D1F99720B4D23900AAD964 /* Debug */,
				B4D1F99820B4D23900AAD964 /* Release */,
			);
			defaultConfigurationIsVisible = 0;
			defaultConfigurationName = Release;
		};
/* End XCConfigurationList section */
	};
	rootObject = B4D1F97C20B4D23500AAD964 /* Project object */;
}
